
Microsoft Visual Studio Solution File, Format Version 12.00
# Visual Studio Version 17
VisualStudioVersion = 17.4.33122.133
MinimumVisualStudioVersion = 10.0.40219.1
Project("{FAE04EC0-301F-11D3-BF4B-00C04F79EFBC}") = "TemperatureConvertor", "TemperatureConvertor\TemperatureConvertor.csproj", "{1DDAB2F9-7731-4E48-98DE-2862D0E5B752}"
EndProject
Global
	GlobalSection(SolutionConfigurationPlatforms) = preSolution
		Debug|Any CPU = Debug|Any CPU
		Release|Any CPU = Release|Any CPU
	EndGlobalSection
	GlobalSection(ProjectConfigurationPlatforms) = postSolution
		{1DDAB2F9-7731-4E48-98DE-2862D0E5B752}.Debug|Any CPU.ActiveCfg = Debug|Any CPU
		{1DDAB2F9-7731-4E48-98DE-2862D0E5B752}.Debug|Any CPU.Build.0 = Debug|Any CPU
		{1DDAB2F9-7731-4E48-98DE-2862D0E5B752}.Release|Any CPU.ActiveCfg = Release|Any CPU
		{1DDAB2F9-7731-4E48-98DE-2862D0E5B752}.Release|Any CPU.Build.0 = Release|Any CPU
	EndGlobalSection
	GlobalSection(SolutionProperties) = preSolution
		HideSolutionNode = FALSE
	EndGlobalSection
	GlobalSection(ExtensibilityGlobals) = postSolution
		SolutionGuid = {12E02A27-9D0E-4E32-8187-0E7ADE59B960}
	EndGlobalSection
EndGlobal
