
Microsoft Visual Studio Solution File, Format Version 12.00
# Visual Studio Version 17
VisualStudioVersion = 17.4.33122.133
MinimumVisualStudioVersion = 10.0.40219.1
Project("{FAE04EC0-301F-11D3-BF4B-00C04F79EFBC}") = "CalculatorFormTwo", "CalculatorFormTwo\CalculatorFormTwo.csproj", "{1BDA38CC-8D9B-4DEC-847C-11B1F2FF74AF}"
EndProject
Global
	GlobalSection(SolutionConfigurationPlatforms) = preSolution
		Debug|Any CPU = Debug|Any CPU
		Release|Any CPU = Release|Any CPU
	EndGlobalSection
	GlobalSection(ProjectConfigurationPlatforms) = postSolution
		{1BDA38CC-8D9B-4DEC-847C-11B1F2FF74AF}.Debug|Any CPU.ActiveCfg = Debug|Any CPU
		{1BDA38CC-8D9B-4DEC-847C-11B1F2FF74AF}.Debug|Any CPU.Build.0 = Debug|Any CPU
		{1BDA38CC-8D9B-4DEC-847C-11B1F2FF74AF}.Release|Any CPU.ActiveCfg = Release|Any CPU
		{1BDA38CC-8D9B-4DEC-847C-11B1F2FF74AF}.Release|Any CPU.Build.0 = Release|Any CPU
	EndGlobalSection
	GlobalSection(SolutionProperties) = preSolution
		HideSolutionNode = FALSE
	EndGlobalSection
	GlobalSection(ExtensibilityGlobals) = postSolution
		SolutionGuid = {DD6725DA-83D1-4248-A525-5817E79A0F34}
	EndGlobalSection
EndGlobal
