
Microsoft Visual Studio Solution File, Format Version 12.00
# Visual Studio Version 17
VisualStudioVersion = 17.4.33122.133
MinimumVisualStudioVersion = 10.0.40219.1
Project("{FAE04EC0-301F-11D3-BF4B-00C04F79EFBC}") = "ServiceApplicationOne", "ServiceApplicationOne\ServiceApplicationOne.csproj", "{67AAB941-E6CB-4E11-AFB5-C3AE573C750F}"
EndProject
Global
	GlobalSection(SolutionConfigurationPlatforms) = preSolution
		Debug|Any CPU = Debug|Any CPU
		Release|Any CPU = Release|Any CPU
	EndGlobalSection
	GlobalSection(ProjectConfigurationPlatforms) = postSolution
		{67AAB941-E6CB-4E11-AFB5-C3AE573C750F}.Debug|Any CPU.ActiveCfg = Debug|Any CPU
		{67AAB941-E6CB-4E11-AFB5-C3AE573C750F}.Debug|Any CPU.Build.0 = Debug|Any CPU
		{67AAB941-E6CB-4E11-AFB5-C3AE573C750F}.Release|Any CPU.ActiveCfg = Release|Any CPU
		{67AAB941-E6CB-4E11-AFB5-C3AE573C750F}.Release|Any CPU.Build.0 = Release|Any CPU
	EndGlobalSection
	GlobalSection(SolutionProperties) = preSolution
		HideSolutionNode = FALSE
	EndGlobalSection
	GlobalSection(ExtensibilityGlobals) = postSolution
		SolutionGuid = {260605FE-42D1-453F-80EB-BA9B711BBC5D}
	EndGlobalSection
EndGlobal
