
Microsoft Visual Studio Solution File, Format Version 12.00
# Visual Studio Version 17
VisualStudioVersion = 17.4.33122.133
MinimumVisualStudioVersion = 10.0.40219.1
Project("{FAE04EC0-301F-11D3-BF4B-00C04F79EFBC}") = "CalculatorServiceOne", "CalculatorServiceOne\CalculatorServiceOne.csproj", "{AF02BD76-2BD8-4F50-A964-2A8C019E45EC}"
EndProject
Global
	GlobalSection(SolutionConfigurationPlatforms) = preSolution
		Debug|Any CPU = Debug|Any CPU
		Release|Any CPU = Release|Any CPU
	EndGlobalSection
	GlobalSection(ProjectConfigurationPlatforms) = postSolution
		{AF02BD76-2BD8-4F50-A964-2A8C019E45EC}.Debug|Any CPU.ActiveCfg = Debug|Any CPU
		{AF02BD76-2BD8-4F50-A964-2A8C019E45EC}.Debug|Any CPU.Build.0 = Debug|Any CPU
		{AF02BD76-2BD8-4F50-A964-2A8C019E45EC}.Release|Any CPU.ActiveCfg = Release|Any CPU
		{AF02BD76-2BD8-4F50-A964-2A8C019E45EC}.Release|Any CPU.Build.0 = Release|Any CPU
	EndGlobalSection
	GlobalSection(SolutionProperties) = preSolution
		HideSolutionNode = FALSE
	EndGlobalSection
	GlobalSection(ExtensibilityGlobals) = postSolution
		SolutionGuid = {816448DC-A79A-440E-B9FD-F54FB4AD6BFB}
	EndGlobalSection
EndGlobal
